
Microsoft Visual Studio Solution File, Format Version 12.00
# Visual Studio Version 17
VisualStudioVersion = 17.8.34309.116
MinimumVisualStudioVersion = 10.0.40219.1
Project("{FAE04EC0-301F-11D3-BF4B-00C04F79EFBC}") = "SafeWheel3", "SafeWheel3\SafeWheel3.csproj", "{07F09B20-A12B-48C2-BAFF-AC910EF39432}"
EndProject
Global
	GlobalSection(SolutionConfigurationPlatforms) = preSolution
		Debug|Any CPU = Debug|Any CPU
		Release|Any CPU = Release|Any CPU
	EndGlobalSection
	GlobalSection(ProjectConfigurationPlatforms) = postSolution
		{07F09B20-A12B-48C2-BAFF-AC910EF39432}.Debug|Any CPU.ActiveCfg = Debug|Any CPU
		{07F09B20-A12B-48C2-BAFF-AC910EF39432}.Debug|Any CPU.Build.0 = Debug|Any CPU
		{07F09B20-A12B-48C2-BAFF-AC910EF39432}.Release|Any CPU.ActiveCfg = Release|Any CPU
		{07F09B20-A12B-48C2-BAFF-AC910EF39432}.Release|Any CPU.Build.0 = Release|Any CPU
	EndGlobalSection
	GlobalSection(SolutionProperties) = preSolution
		HideSolutionNode = FALSE
	EndGlobalSection
	GlobalSection(ExtensibilityGlobals) = postSolution
		SolutionGuid = {42E94930-E5C7-4378-BC7E-0FE0EF8F4679}
	EndGlobalSection
EndGlobal
